// !$*UTF8*$!
{
	archiveVersion = 1;
	classes = {
	};
	objectVersion = 46;
	objects = {

/* Begin PBXBuildFile section */
		CE21D9B615C1944C00DD71A8 /* luna.1 in CopyFiles */ = {isa = PBXBuildFile; fileRef = CE21D9B515C1944C00DD71A8 /* luna.1 */; };
		CE21D9FD15C1950700DD71A8 /* Bootstrap.cpp in Sources */ = {isa = PBXBuildFile; fileRef = CE21D9BC15C1950700DD71A8 /* Bootstrap.cpp */; };
		CE21D9FE15C1950700DD71A8 /* BuildinFunctions.cpp in Sources */ = {isa = PBXBuildFile; fileRef = CE21D9BE15C1950700DD71A8 /* BuildinFunctions.cpp */; };
		CE21D9FF15C1950700DD71A8 /* DataPool.cpp in Sources */ = {isa = PBXBuildFile; fileRef = CE21D9C115C1950700DD71A8 /* DataPool.cpp */; };
		CE21DA0015C1950700DD71A8 /* Error.cpp in Sources */ = {isa = PBXBuildFile; fileRef = CE21D9C315C1950700DD71A8 /* Error.cpp */; };
		CE21DA0115C1950700DD71A8 /* Expression.cpp in Sources */ = {isa = PBXBuildFile; fileRef = CE21D9C515C1950700DD71A8 /* Expression.cpp */; };
		CE21DA0215C1950700DD71A8 /* GarbageCollector.cpp in Sources */ = {isa = PBXBuildFile; fileRef = CE21D9C715C1950700DD71A8 /* GarbageCollector.cpp */; };
		CE21DA0315C1950700DD71A8 /* ICacheStream.cpp in Sources */ = {isa = PBXBuildFile; fileRef = CE21D9CB15C1950700DD71A8 /* ICacheStream.cpp */; };
		CE21DA0415C1950700DD71A8 /* ICRLFFilterStream.cpp in Sources */ = {isa = PBXBuildFile; fileRef = CE21D9CD15C1950700DD71A8 /* ICRLFFilterStream.cpp */; };
		CE21DA0515C1950700DD71A8 /* IFileStream.cpp in Sources */ = {isa = PBXBuildFile; fileRef = CE21D9CF15C1950700DD71A8 /* IFileStream.cpp */; };
		CE21DA0615C1950700DD71A8 /* ITextStream.cpp in Sources */ = {isa = PBXBuildFile; fileRef = CE21D9D215C1950700DD71A8 /* ITextStream.cpp */; };
		CE21DA0715C1950700DD71A8 /* Lexer.cpp in Sources */ = {isa = PBXBuildFile; fileRef = CE21D9D415C1950700DD71A8 /* Lexer.cpp */; };
		CE21DA0815C1950700DD71A8 /* LexTable.cpp in Sources */ = {isa = PBXBuildFile; fileRef = CE21D9D615C1950700DD71A8 /* LexTable.cpp */; };
		CE21DA0915C1950700DD71A8 /* Lua.cpp in Sources */ = {isa = PBXBuildFile; fileRef = CE21D9D815C1950700DD71A8 /* Lua.cpp */; };
		CE21DA0A15C1950700DD71A8 /* ModuleLoader.cpp in Sources */ = {isa = PBXBuildFile; fileRef = CE21D9D915C1950700DD71A8 /* ModuleLoader.cpp */; };
		CE21DA0B15C1950700DD71A8 /* NativeFunctionRegister.cpp in Sources */ = {isa = PBXBuildFile; fileRef = CE21D9DC15C1950700DD71A8 /* NativeFunctionRegister.cpp */; };
		CE21DA0C15C1950700DD71A8 /* NativeFunctionStackOperator.cpp in Sources */ = {isa = PBXBuildFile; fileRef = CE21D9DE15C1950700DD71A8 /* NativeFunctionStackOperator.cpp */; };
		CE21DA0D15C1950700DD71A8 /* Parser.cpp in Sources */ = {isa = PBXBuildFile; fileRef = CE21D9E015C1950700DD71A8 /* Parser.cpp */; };
		CE21DA0E15C1950700DD71A8 /* Source.cpp in Sources */ = {isa = PBXBuildFile; fileRef = CE21D9E315C1950700DD71A8 /* Source.cpp */; };
		CE21DA0F15C1950700DD71A8 /* Stack.cpp in Sources */ = {isa = PBXBuildFile; fileRef = CE21D9E515C1950700DD71A8 /* Stack.cpp */; };
		CE21DA1015C1950700DD71A8 /* State.cpp in Sources */ = {isa = PBXBuildFile; fileRef = CE21D9E715C1950700DD71A8 /* State.cpp */; };
		CE21DA1115C1950700DD71A8 /* Statement.cpp in Sources */ = {isa = PBXBuildFile; fileRef = CE21D9E915C1950700DD71A8 /* Statement.cpp */; };
		CE21DA1215C1950700DD71A8 /* Closure.cpp in Sources */ = {isa = PBXBuildFile; fileRef = CE21D9ED15C1950700DD71A8 /* Closure.cpp */; };
		CE21DA1315C1950700DD71A8 /* Function.cpp in Sources */ = {isa = PBXBuildFile; fileRef = CE21D9EF15C1950700DD71A8 /* Function.cpp */; };
		CE21DA1415C1950700DD71A8 /* NativeFunction.cpp in Sources */ = {isa = PBXBuildFile; fileRef = CE21D9F115C1950700DD71A8 /* NativeFunction.cpp */; };
		CE21DA1515C1950700DD71A8 /* Number.cpp in Sources */ = {isa = PBXBuildFile; fileRef = CE21D9F415C1950700DD71A8 /* Number.cpp */; };
		CE21DA1615C1950700DD71A8 /* String.cpp in Sources */ = {isa = PBXBuildFile; fileRef = CE21D9F615C1950700DD71A8 /* String.cpp */; };
		CE21DA1715C1950700DD71A8 /* Table.cpp in Sources */ = {isa = PBXBuildFile; fileRef = CE21D9F815C1950700DD71A8 /* Table.cpp */; };
		CE21DA1815C1950700DD71A8 /* VirtualMachine.cpp in Sources */ = {isa = PBXBuildFile; fileRef = CE21D9FB15C1950700DD71A8 /* VirtualMachine.cpp */; };
/* End PBXBuildFile section */

/* Begin PBXCopyFilesBuildPhase section */
		CE21D9AD15C1944C00DD71A8 /* CopyFiles */ = {
			isa = PBXCopyFilesBuildPhase;
			buildActionMask = 2147483647;
			dstPath = /usr/share/man/man1/;
			dstSubfolderSpec = 0;
			files = (
				CE21D9B615C1944C00DD71A8 /* luna.1 in CopyFiles */,
			);
			runOnlyForDeploymentPostprocessing = 1;
		};
/* End PBXCopyFilesBuildPhase section */

/* Begin PBXFileReference section */
		CE21D9AF15C1944C00DD71A8 /* luna */ = {isa = PBXFileReference; explicitFileType = "compiled.mach-o.executable"; includeInIndex = 0; path = luna; sourceTree = BUILT_PRODUCTS_DIR; };
		CE21D9B515C1944C00DD71A8 /* luna.1 */ = {isa = PBXFileReference; lastKnownFileType = text.man; path = luna.1; sourceTree = "<group>"; };
		CE21D9BC15C1950700DD71A8 /* Bootstrap.cpp */ = {isa = PBXFileReference; fileEncoding = 4; lastKnownFileType = sourcecode.cpp.cpp; name = Bootstrap.cpp; path = ../../src/Bootstrap.cpp; sourceTree = "<group>"; };
		CE21D9BD15C1950700DD71A8 /* Bootstrap.h */ = {isa = PBXFileReference; fileEncoding = 4; lastKnownFileType = sourcecode.c.h; name = Bootstrap.h; path = ../../src/Bootstrap.h; sourceTree = "<group>"; };
		CE21D9BE15C1950700DD71A8 /* BuildinFunctions.cpp */ = {isa = PBXFileReference; fileEncoding = 4; lastKnownFileType = sourcecode.cpp.cpp; name = BuildinFunctions.cpp; path = ../../src/BuildinFunctions.cpp; sourceTree = "<group>"; };
		CE21D9BF15C1950700DD71A8 /* BuildinFunctions.h */ = {isa = PBXFileReference; fileEncoding = 4; lastKnownFileType = sourcecode.c.h; name = BuildinFunctions.h; path = ../../src/BuildinFunctions.h; sourceTree = "<group>"; };
		CE21D9C015C1950700DD71A8 /* CodeWriter.h */ = {isa = PBXFileReference; fileEncoding = 4; lastKnownFileType = sourcecode.c.h; name = CodeWriter.h; path = ../../src/CodeWriter.h; sourceTree = "<group>"; };
		CE21D9C115C1950700DD71A8 /* DataPool.cpp */ = {isa = PBXFileReference; fileEncoding = 4; lastKnownFileType = sourcecode.cpp.cpp; name = DataPool.cpp; path = ../../src/DataPool.cpp; sourceTree = "<group>"; };
		CE21D9C215C1950700DD71A8 /* DataPool.h */ = {isa = PBXFileReference; fileEncoding = 4; lastKnownFileType = sourcecode.c.h; name = DataPool.h; path = ../../src/DataPool.h; sourceTree = "<group>"; };
		CE21D9C315C1950700DD71A8 /* Error.cpp */ = {isa = PBXFileReference; fileEncoding = 4; lastKnownFileType = sourcecode.cpp.cpp; name = Error.cpp; path = ../../src/Error.cpp; sourceTree = "<group>"; };
		CE21D9C415C1950700DD71A8 /* Error.h */ = {isa = PBXFileReference; fileEncoding = 4; lastKnownFileType = sourcecode.c.h; name = Error.h; path = ../../src/Error.h; sourceTree = "<group>"; };
		CE21D9C515C1950700DD71A8 /* Expression.cpp */ = {isa = PBXFileReference; fileEncoding = 4; lastKnownFileType = sourcecode.cpp.cpp; name = Expression.cpp; path = ../../src/Expression.cpp; sourceTree = "<group>"; };
		CE21D9C615C1950700DD71A8 /* Expression.h */ = {isa = PBXFileReference; fileEncoding = 4; lastKnownFileType = sourcecode.c.h; name = Expression.h; path = ../../src/Expression.h; sourceTree = "<group>"; };
		CE21D9C715C1950700DD71A8 /* GarbageCollector.cpp */ = {isa = PBXFileReference; fileEncoding = 4; lastKnownFileType = sourcecode.cpp.cpp; name = GarbageCollector.cpp; path = ../../src/GarbageCollector.cpp; sourceTree = "<group>"; };
		CE21D9C815C1950700DD71A8 /* GarbageCollector.h */ = {isa = PBXFileReference; fileEncoding = 4; lastKnownFileType = sourcecode.c.h; name = GarbageCollector.h; path = ../../src/GarbageCollector.h; sourceTree = "<group>"; };
		CE21D9C915C1950700DD71A8 /* Instruction.h */ = {isa = PBXFileReference; fileEncoding = 4; lastKnownFileType = sourcecode.c.h; name = Instruction.h; path = ../../src/Instruction.h; sourceTree = "<group>"; };
		CE21D9CB15C1950700DD71A8 /* ICacheStream.cpp */ = {isa = PBXFileReference; fileEncoding = 4; lastKnownFileType = sourcecode.cpp.cpp; path = ICacheStream.cpp; sourceTree = "<group>"; };
		CE21D9CC15C1950700DD71A8 /* ICacheStream.h */ = {isa = PBXFileReference; fileEncoding = 4; lastKnownFileType = sourcecode.c.h; path = ICacheStream.h; sourceTree = "<group>"; };
		CE21D9CD15C1950700DD71A8 /* ICRLFFilterStream.cpp */ = {isa = PBXFileReference; fileEncoding = 4; lastKnownFileType = sourcecode.cpp.cpp; path = ICRLFFilterStream.cpp; sourceTree = "<group>"; };
		CE21D9CE15C1950700DD71A8 /* ICRLFFilterStream.h */ = {isa = PBXFileReference; fileEncoding = 4; lastKnownFileType = sourcecode.c.h; path = ICRLFFilterStream.h; sourceTree = "<group>"; };
		CE21D9CF15C1950700DD71A8 /* IFileStream.cpp */ = {isa = PBXFileReference; fileEncoding = 4; lastKnownFileType = sourcecode.cpp.cpp; path = IFileStream.cpp; sourceTree = "<group>"; };
		CE21D9D015C1950700DD71A8 /* IFileStream.h */ = {isa = PBXFileReference; fileEncoding = 4; lastKnownFileType = sourcecode.c.h; path = IFileStream.h; sourceTree = "<group>"; };
		CE21D9D115C1950700DD71A8 /* IStream.h */ = {isa = PBXFileReference; fileEncoding = 4; lastKnownFileType = sourcecode.c.h; path = IStream.h; sourceTree = "<group>"; };
		CE21D9D215C1950700DD71A8 /* ITextStream.cpp */ = {isa = PBXFileReference; fileEncoding = 4; lastKnownFileType = sourcecode.cpp.cpp; path = ITextStream.cpp; sourceTree = "<group>"; };
		CE21D9D315C1950700DD71A8 /* ITextStream.h */ = {isa = PBXFileReference; fileEncoding = 4; lastKnownFileType = sourcecode.c.h; path = ITextStream.h; sourceTree = "<group>"; };
		CE21D9D415C1950700DD71A8 /* Lexer.cpp */ = {isa = PBXFileReference; fileEncoding = 4; lastKnownFileType = sourcecode.cpp.cpp; name = Lexer.cpp; path = ../../src/Lexer.cpp; sourceTree = "<group>"; };
		CE21D9D515C1950700DD71A8 /* Lexer.h */ = {isa = PBXFileReference; fileEncoding = 4; lastKnownFileType = sourcecode.c.h; name = Lexer.h; path = ../../src/Lexer.h; sourceTree = "<group>"; };
		CE21D9D615C1950700DD71A8 /* LexTable.cpp */ = {isa = PBXFileReference; fileEncoding = 4; lastKnownFileType = sourcecode.cpp.cpp; name = LexTable.cpp; path = ../../src/LexTable.cpp; sourceTree = "<group>"; };
		CE21D9D715C1950700DD71A8 /* LexTable.h */ = {isa = PBXFileReference; fileEncoding = 4; lastKnownFileType = sourcecode.c.h; name = LexTable.h; path = ../../src/LexTable.h; sourceTree = "<group>"; };
		CE21D9D815C1950700DD71A8 /* Lua.cpp */ = {isa = PBXFileReference; fileEncoding = 4; lastKnownFileType = sourcecode.cpp.cpp; name = Lua.cpp; path = ../../src/Lua.cpp; sourceTree = "<group>"; };
		CE21D9D915C1950700DD71A8 /* ModuleLoader.cpp */ = {isa = PBXFileReference; fileEncoding = 4; lastKnownFileType = sourcecode.cpp.cpp; name = ModuleLoader.cpp; path = ../../src/ModuleLoader.cpp; sourceTree = "<group>"; };
		CE21D9DA15C1950700DD71A8 /* ModuleLoader.h */ = {isa = PBXFileReference; fileEncoding = 4; lastKnownFileType = sourcecode.c.h; name = ModuleLoader.h; path = ../../src/ModuleLoader.h; sourceTree = "<group>"; };
		CE21D9DB15C1950700DD71A8 /* NameSet.h */ = {isa = PBXFileReference; fileEncoding = 4; lastKnownFileType = sourcecode.c.h; name = NameSet.h; path = ../../src/NameSet.h; sourceTree = "<group>"; };
		CE21D9DC15C1950700DD71A8 /* NativeFunctionRegister.cpp */ = {isa = PBXFileReference; fileEncoding = 4; lastKnownFileType = sourcecode.cpp.cpp; name = NativeFunctionRegister.cpp; path = ../../src/NativeFunctionRegister.cpp; sourceTree = "<group>"; };
		CE21D9DD15C1950700DD71A8 /* NativeFunctionRegister.h */ = {isa = PBXFileReference; fileEncoding = 4; lastKnownFileType = sourcecode.c.h; name = NativeFunctionRegister.h; path = ../../src/NativeFunctionRegister.h; sourceTree = "<group>"; };
		CE21D9DE15C1950700DD71A8 /* NativeFunctionStackOperator.cpp */ = {isa = PBXFileReference; fileEncoding = 4; lastKnownFileType = sourcecode.cpp.cpp; name = NativeFunctionStackOperator.cpp; path = ../../src/NativeFunctionStackOperator.cpp; sourceTree = "<group>"; };
		CE21D9DF15C1950700DD71A8 /* NativeFunctionStackOperator.h */ = {isa = PBXFileReference; fileEncoding = 4; lastKnownFileType = sourcecode.c.h; name = NativeFunctionStackOperator.h; path = ../../src/NativeFunctionStackOperator.h; sourceTree = "<group>"; };
		CE21D9E015C1950700DD71A8 /* Parser.cpp */ = {isa = PBXFileReference; fileEncoding = 4; lastKnownFileType = sourcecode.cpp.cpp; name = Parser.cpp; path = ../../src/Parser.cpp; sourceTree = "<group>"; };
		CE21D9E115C1950700DD71A8 /* Parser.h */ = {isa = PBXFileReference; fileEncoding = 4; lastKnownFileType = sourcecode.c.h; name = Parser.h; path = ../../src/Parser.h; sourceTree = "<group>"; };
		CE21D9E215C1950700DD71A8 /* ParseTreeNode.h */ = {isa = PBXFileReference; fileEncoding = 4; lastKnownFileType = sourcecode.c.h; name = ParseTreeNode.h; path = ../../src/ParseTreeNode.h; sourceTree = "<group>"; };
		CE21D9E315C1950700DD71A8 /* Source.cpp */ = {isa = PBXFileReference; fileEncoding = 4; lastKnownFileType = sourcecode.cpp.cpp; name = Source.cpp; path = ../../src/Source.cpp; sourceTree = "<group>"; };
		CE21D9E415C1950700DD71A8 /* Source.h */ = {isa = PBXFileReference; fileEncoding = 4; lastKnownFileType = sourcecode.c.h; name = Source.h; path = ../../src/Source.h; sourceTree = "<group>"; };
		CE21D9E515C1950700DD71A8 /* Stack.cpp */ = {isa = PBXFileReference; fileEncoding = 4; lastKnownFileType = sourcecode.cpp.cpp; name = Stack.cpp; path = ../../src/Stack.cpp; sourceTree = "<group>"; };
		CE21D9E615C1950700DD71A8 /* Stack.h */ = {isa = PBXFileReference; fileEncoding = 4; lastKnownFileType = sourcecode.c.h; name = Stack.h; path = ../../src/Stack.h; sourceTree = "<group>"; };
		CE21D9E715C1950700DD71A8 /* State.cpp */ = {isa = PBXFileReference; fileEncoding = 4; lastKnownFileType = sourcecode.cpp.cpp; name = State.cpp; path = ../../src/State.cpp; sourceTree = "<group>"; };
		CE21D9E815C1950700DD71A8 /* State.h */ = {isa = PBXFileReference; fileEncoding = 4; lastKnownFileType = sourcecode.c.h; name = State.h; path = ../../src/State.h; sourceTree = "<group>"; };
		CE21D9E915C1950700DD71A8 /* Statement.cpp */ = {isa = PBXFileReference; fileEncoding = 4; lastKnownFileType = sourcecode.cpp.cpp; name = Statement.cpp; path = ../../src/Statement.cpp; sourceTree = "<group>"; };
		CE21D9EA15C1950700DD71A8 /* Statement.h */ = {isa = PBXFileReference; fileEncoding = 4; lastKnownFileType = sourcecode.c.h; name = Statement.h; path = ../../src/Statement.h; sourceTree = "<group>"; };
		CE21D9EC15C1950700DD71A8 /* Bool.h */ = {isa = PBXFileReference; fileEncoding = 4; lastKnownFileType = sourcecode.c.h; path = Bool.h; sourceTree = "<group>"; };
		CE21D9ED15C1950700DD71A8 /* Closure.cpp */ = {isa = PBXFileReference; fileEncoding = 4; lastKnownFileType = sourcecode.cpp.cpp; path = Closure.cpp; sourceTree = "<group>"; };
		CE21D9EE15C1950700DD71A8 /* Closure.h */ = {isa = PBXFileReference; fileEncoding = 4; lastKnownFileType = sourcecode.c.h; path = Closure.h; sourceTree = "<group>"; };
		CE21D9EF15C1950700DD71A8 /* Function.cpp */ = {isa = PBXFileReference; fileEncoding = 4; lastKnownFileType = sourcecode.cpp.cpp; path = Function.cpp; sourceTree = "<group>"; };
		CE21D9F015C1950700DD71A8 /* Function.h */ = {isa = PBXFileReference; fileEncoding = 4; lastKnownFileType = sourcecode.c.h; path = Function.h; sourceTree = "<group>"; };
		CE21D9F115C1950700DD71A8 /* NativeFunction.cpp */ = {isa = PBXFileReference; fileEncoding = 4; lastKnownFileType = sourcecode.cpp.cpp; path = NativeFunction.cpp; sourceTree = "<group>"; };
		CE21D9F215C1950700DD71A8 /* NativeFunction.h */ = {isa = PBXFileReference; fileEncoding = 4; lastKnownFileType = sourcecode.c.h; path = NativeFunction.h; sourceTree = "<group>"; };
		CE21D9F315C1950700DD71A8 /* Nil.h */ = {isa = PBXFileReference; fileEncoding = 4; lastKnownFileType = sourcecode.c.h; path = Nil.h; sourceTree = "<group>"; };
		CE21D9F415C1950700DD71A8 /* Number.cpp */ = {isa = PBXFileReference; fileEncoding = 4; lastKnownFileType = sourcecode.cpp.cpp; path = Number.cpp; sourceTree = "<group>"; };
		CE21D9F515C1950700DD71A8 /* Number.h */ = {isa = PBXFileReference; fileEncoding = 4; lastKnownFileType = sourcecode.c.h; path = Number.h; sourceTree = "<group>"; };
		CE21D9F615C1950700DD71A8 /* String.cpp */ = {isa = PBXFileReference; fileEncoding = 4; lastKnownFileType = sourcecode.cpp.cpp; path = String.cpp; sourceTree = "<group>"; };
		CE21D9F715C1950700DD71A8 /* String.h */ = {isa = PBXFileReference; fileEncoding = 4; lastKnownFileType = sourcecode.c.h; path = String.h; sourceTree = "<group>"; };
		CE21D9F815C1950700DD71A8 /* Table.cpp */ = {isa = PBXFileReference; fileEncoding = 4; lastKnownFileType = sourcecode.cpp.cpp; path = Table.cpp; sourceTree = "<group>"; };
		CE21D9F915C1950700DD71A8 /* Table.h */ = {isa = PBXFileReference; fileEncoding = 4; lastKnownFileType = sourcecode.c.h; path = Table.h; sourceTree = "<group>"; };
		CE21D9FA15C1950700DD71A8 /* Value.h */ = {isa = PBXFileReference; fileEncoding = 4; lastKnownFileType = sourcecode.c.h; path = Value.h; sourceTree = "<group>"; };
		CE21D9FB15C1950700DD71A8 /* VirtualMachine.cpp */ = {isa = PBXFileReference; fileEncoding = 4; lastKnownFileType = sourcecode.cpp.cpp; name = VirtualMachine.cpp; path = ../../src/VirtualMachine.cpp; sourceTree = "<group>"; };
		CE21D9FC15C1950700DD71A8 /* VirtualMachine.h */ = {isa = PBXFileReference; fileEncoding = 4; lastKnownFileType = sourcecode.c.h; name = VirtualMachine.h; path = ../../src/VirtualMachine.h; sourceTree = "<group>"; };
/* End PBXFileReference section */

/* Begin PBXFrameworksBuildPhase section */
		CE21D9AC15C1944C00DD71A8 /* Frameworks */ = {
			isa = PBXFrameworksBuildPhase;
			buildActionMask = 2147483647;
			files = (
			);
			runOnlyForDeploymentPostprocessing = 0;
		};
/* End PBXFrameworksBuildPhase section */

/* Begin PBXGroup section */
		CE21D9A415C1944C00DD71A8 = {
			isa = PBXGroup;
			children = (
				CE21D9BC15C1950700DD71A8 /* Bootstrap.cpp */,
				CE21D9BD15C1950700DD71A8 /* Bootstrap.h */,
				CE21D9BE15C1950700DD71A8 /* BuildinFunctions.cpp */,
				CE21D9BF15C1950700DD71A8 /* BuildinFunctions.h */,
				CE21D9C015C1950700DD71A8 /* CodeWriter.h */,
				CE21D9C115C1950700DD71A8 /* DataPool.cpp */,
				CE21D9C215C1950700DD71A8 /* DataPool.h */,
				CE21D9C315C1950700DD71A8 /* Error.cpp */,
				CE21D9C415C1950700DD71A8 /* Error.h */,
				CE21D9C515C1950700DD71A8 /* Expression.cpp */,
				CE21D9C615C1950700DD71A8 /* Expression.h */,
				CE21D9C715C1950700DD71A8 /* GarbageCollector.cpp */,
				CE21D9C815C1950700DD71A8 /* GarbageCollector.h */,
				CE21D9C915C1950700DD71A8 /* Instruction.h */,
				CE21D9CA15C1950700DD71A8 /* io */,
				CE21D9D415C1950700DD71A8 /* Lexer.cpp */,
				CE21D9D515C1950700DD71A8 /* Lexer.h */,
				CE21D9D615C1950700DD71A8 /* LexTable.cpp */,
				CE21D9D715C1950700DD71A8 /* LexTable.h */,
				CE21D9D815C1950700DD71A8 /* Lua.cpp */,
				CE21D9D915C1950700DD71A8 /* ModuleLoader.cpp */,
				CE21D9DA15C1950700DD71A8 /* ModuleLoader.h */,
				CE21D9DB15C1950700DD71A8 /* NameSet.h */,
				CE21D9DC15C1950700DD71A8 /* NativeFunctionRegister.cpp */,
				CE21D9DD15C1950700DD71A8 /* NativeFunctionRegister.h */,
				CE21D9DE15C1950700DD71A8 /* NativeFunctionStackOperator.cpp */,
				CE21D9DF15C1950700DD71A8 /* NativeFunctionStackOperator.h */,
				CE21D9E015C1950700DD71A8 /* Parser.cpp */,
				CE21D9E115C1950700DD71A8 /* Parser.h */,
				CE21D9E215C1950700DD71A8 /* ParseTreeNode.h */,
				CE21D9E315C1950700DD71A8 /* Source.cpp */,
				CE21D9E415C1950700DD71A8 /* Source.h */,
				CE21D9E515C1950700DD71A8 /* Stack.cpp */,
				CE21D9E615C1950700DD71A8 /* Stack.h */,
				CE21D9E715C1950700DD71A8 /* State.cpp */,
				CE21D9E815C1950700DD71A8 /* State.h */,
				CE21D9E915C1950700DD71A8 /* Statement.cpp */,
				CE21D9EA15C1950700DD71A8 /* Statement.h */,
				CE21D9EB15C1950700DD71A8 /* types */,
				CE21D9FB15C1950700DD71A8 /* VirtualMachine.cpp */,
				CE21D9FC15C1950700DD71A8 /* VirtualMachine.h */,
				CE21D9B215C1944C00DD71A8 /* luna */,
				CE21D9B015C1944C00DD71A8 /* Products */,
			);
			sourceTree = "<group>";
		};
		CE21D9B015C1944C00DD71A8 /* Products */ = {
			isa = PBXGroup;
			children = (
				CE21D9AF15C1944C00DD71A8 /* luna */,
			);
			name = Products;
			sourceTree = "<group>";
		};
		CE21D9B215C1944C00DD71A8 /* luna */ = {
			isa = PBXGroup;
			children = (
				CE21D9B515C1944C00DD71A8 /* luna.1 */,
			);
			path = luna;
			sourceTree = "<group>";
		};
		CE21D9CA15C1950700DD71A8 /* io */ = {
			isa = PBXGroup;
			children = (
				CE21D9CB15C1950700DD71A8 /* ICacheStream.cpp */,
				CE21D9CC15C1950700DD71A8 /* ICacheStream.h */,
				CE21D9CD15C1950700DD71A8 /* ICRLFFilterStream.cpp */,
				CE21D9CE15C1950700DD71A8 /* ICRLFFilterStream.h */,
				CE21D9CF15C1950700DD71A8 /* IFileStream.cpp */,
				CE21D9D015C1950700DD71A8 /* IFileStream.h */,
				CE21D9D115C1950700DD71A8 /* IStream.h */,
				CE21D9D215C1950700DD71A8 /* ITextStream.cpp */,
				CE21D9D315C1950700DD71A8 /* ITextStream.h */,
			);
			name = io;
			path = ../../src/io;
			sourceTree = "<group>";
		};
		CE21D9EB15C1950700DD71A8 /* types */ = {
			isa = PBXGroup;
			children = (
				CE21D9EC15C1950700DD71A8 /* Bool.h */,
				CE21D9ED15C1950700DD71A8 /* Closure.cpp */,
				CE21D9EE15C1950700DD71A8 /* Closure.h */,
				CE21D9EF15C1950700DD71A8 /* Function.cpp */,
				CE21D9F015C1950700DD71A8 /* Function.h */,
				CE21D9F115C1950700DD71A8 /* NativeFunction.cpp */,
				CE21D9F215C1950700DD71A8 /* NativeFunction.h */,
				CE21D9F315C1950700DD71A8 /* Nil.h */,
				CE21D9F415C1950700DD71A8 /* Number.cpp */,
				CE21D9F515C1950700DD71A8 /* Number.h */,
				CE21D9F615C1950700DD71A8 /* String.cpp */,
				CE21D9F715C1950700DD71A8 /* String.h */,
				CE21D9F815C1950700DD71A8 /* Table.cpp */,
				CE21D9F915C1950700DD71A8 /* Table.h */,
				CE21D9FA15C1950700DD71A8 /* Value.h */,
			);
			name = types;
			path = ../../src/types;
			sourceTree = "<group>";
		};
/* End PBXGroup section */

/* Begin PBXNativeTarget section */
		CE21D9AE15C1944C00DD71A8 /* luna */ = {
			isa = PBXNativeTarget;
			buildConfigurationList = CE21D9B915C1944C00DD71A8 /* Build configuration list for PBXNativeTarget "luna" */;
			buildPhases = (
				CE21D9AB15C1944C00DD71A8 /* Sources */,
				CE21D9AC15C1944C00DD71A8 /* Frameworks */,
				CE21D9AD15C1944C00DD71A8 /* CopyFiles */,
			);
			buildRules = (
			);
			dependencies = (
			);
			name = luna;
			productName = luna;
			productReference = CE21D9AF15C1944C00DD71A8 /* luna */;
			productType = "com.apple.product-type.tool";
		};
/* End PBXNativeTarget section */

/* Begin PBXProject section */
		CE21D9A615C1944C00DD71A8 /* Project object */ = {
			isa = PBXProject;
			attributes = {
				LastUpgradeCheck = 0440;
				ORGANIZATIONNAME = superking;
			};
			buildConfigurationList = CE21D9A915C1944C00DD71A8 /* Build configuration list for PBXProject "luna" */;
			compatibilityVersion = "Xcode 3.2";
			developmentRegion = English;
			hasScannedForEncodings = 0;
			knownRegions = (
				en,
			);
			mainGroup = CE21D9A415C1944C00DD71A8;
			productRefGroup = CE21D9B015C1944C00DD71A8 /* Products */;
			projectDirPath = "";
			projectRoot = "";
			targets = (
				CE21D9AE15C1944C00DD71A8 /* luna */,
			);
		};
/* End PBXProject section */

/* Begin PBXSourcesBuildPhase section */
		CE21D9AB15C1944C00DD71A8 /* Sources */ = {
			isa = PBXSourcesBuildPhase;
			buildActionMask = 2147483647;
			files = (
				CE21D9FD15C1950700DD71A8 /* Bootstrap.cpp in Sources */,
				CE21D9FE15C1950700DD71A8 /* BuildinFunctions.cpp in Sources */,
				CE21D9FF15C1950700DD71A8 /* DataPool.cpp in Sources */,
				CE21DA0015C1950700DD71A8 /* Error.cpp in Sources */,
				CE21DA0115C1950700DD71A8 /* Expression.cpp in Sources */,
				CE21DA0215C1950700DD71A8 /* GarbageCollector.cpp in Sources */,
				CE21DA0315C1950700DD71A8 /* ICacheStream.cpp in Sources */,
				CE21DA0415C1950700DD71A8 /* ICRLFFilterStream.cpp in Sources */,
				CE21DA0515C1950700DD71A8 /* IFileStream.cpp in Sources */,
				CE21DA0615C1950700DD71A8 /* ITextStream.cpp in Sources */,
				CE21DA0715C1950700DD71A8 /* Lexer.cpp in Sources */,
				CE21DA0815C1950700DD71A8 /* LexTable.cpp in Sources */,
				CE21DA0915C1950700DD71A8 /* Lua.cpp in Sources */,
				CE21DA0A15C1950700DD71A8 /* ModuleLoader.cpp in Sources */,
				CE21DA0B15C1950700DD71A8 /* NativeFunctionRegister.cpp in Sources */,
				CE21DA0C15C1950700DD71A8 /* NativeFunctionStackOperator.cpp in Sources */,
				CE21DA0D15C1950700DD71A8 /* Parser.cpp in Sources */,
				CE21DA0E15C1950700DD71A8 /* Source.cpp in Sources */,
				CE21DA0F15C1950700DD71A8 /* Stack.cpp in Sources */,
				CE21DA1015C1950700DD71A8 /* State.cpp in Sources */,
				CE21DA1115C1950700DD71A8 /* Statement.cpp in Sources */,
				CE21DA1215C1950700DD71A8 /* Closure.cpp in Sources */,
				CE21DA1315C1950700DD71A8 /* Function.cpp in Sources */,
				CE21DA1415C1950700DD71A8 /* NativeFunction.cpp in Sources */,
				CE21DA1515C1950700DD71A8 /* Number.cpp in Sources */,
				CE21DA1615C1950700DD71A8 /* String.cpp in Sources */,
				CE21DA1715C1950700DD71A8 /* Table.cpp in Sources */,
				CE21DA1815C1950700DD71A8 /* VirtualMachine.cpp in Sources */,
			);
			runOnlyForDeploymentPostprocessing = 0;
		};
/* End PBXSourcesBuildPhase section */

/* Begin XCBuildConfiguration section */
		CE21D9B715C1944C00DD71A8 /* Debug */ = {
			isa = XCBuildConfiguration;
			buildSettings = {
				ALWAYS_SEARCH_USER_PATHS = NO;
				ARCHS = "$(ARCHS_STANDARD_64_BIT)";
				CLANG_CXX_LANGUAGE_STANDARD = "c++0x";
				CLANG_CXX_LIBRARY = "libc++";
				CLANG_WARN__DUPLICATE_METHOD_MATCH = YES;
				COPY_PHASE_STRIP = NO;
				GCC_C_LANGUAGE_STANDARD = gnu99;
				GCC_DYNAMIC_NO_PIC = NO;
				GCC_ENABLE_OBJC_EXCEPTIONS = YES;
				GCC_OPTIMIZATION_LEVEL = 0;
				GCC_PREPROCESSOR_DEFINITIONS = (
					"DEBUG=1",
					"$(inherited)",
				);
				GCC_SYMBOLS_PRIVATE_EXTERN = NO;
				GCC_WARN_64_TO_32_BIT_CONVERSION = NO;
				GCC_WARN_ABOUT_RETURN_TYPE = YES;
				GCC_WARN_CHECK_SWITCH_STATEMENTS = NO;
				GCC_WARN_UNINITIALIZED_AUTOS = YES;
				GCC_WARN_UNUSED_VARIABLE = YES;
				MACOSX_DEPLOYMENT_TARGET = 10.7;
				ONLY_ACTIVE_ARCH = YES;
				SDKROOT = macosx;
			};
			name = Debug;
		};
		CE21D9B815C1944C00DD71A8 /* Release */ = {
			isa = XCBuildConfiguration;
			buildSettings = {
				ALWAYS_SEARCH_USER_PATHS = NO;
				ARCHS = "$(ARCHS_STANDARD_64_BIT)";
				CLANG_CXX_LANGUAGE_STANDARD = "c++0x";
				CLANG_CXX_LIBRARY = "libc++";
				CLANG_WARN__DUPLICATE_METHOD_MATCH = YES;
				COPY_PHASE_STRIP = YES;
				DEBUG_INFORMATION_FORMAT = "dwarf-with-dsym";
				GCC_C_LANGUAGE_STANDARD = gnu99;
				GCC_ENABLE_OBJC_EXCEPTIONS = YES;
				GCC_WARN_64_TO_32_BIT_CONVERSION = NO;
				GCC_WARN_ABOUT_RETURN_TYPE = YES;
				GCC_WARN_CHECK_SWITCH_STATEMENTS = NO;
				GCC_WARN_UNINITIALIZED_AUTOS = YES;
				GCC_WARN_UNUSED_VARIABLE = YES;
				MACOSX_DEPLOYMENT_TARGET = 10.7;
				SDKROOT = macosx;
			};
			name = Release;
		};
		CE21D9BA15C1944C00DD71A8 /* Debug */ = {
			isa = XCBuildConfiguration;
			buildSettings = {
				PRODUCT_NAME = "$(TARGET_NAME)";
			};
			name = Debug;
		};
		CE21D9BB15C1944C00DD71A8 /* Release */ = {
			isa = XCBuildConfiguration;
			buildSettings = {
				PRODUCT_NAME = "$(TARGET_NAME)";
			};
			name = Release;
		};
/* End XCBuildConfiguration section */

/* Begin XCConfigurationList section */
		CE21D9A915C1944C00DD71A8 /* Build configuration list for PBXProject "luna" */ = {
			isa = XCConfigurationList;
			buildConfigurations = (
				CE21D9B715C1944C00DD71A8 /* Debug */,
				CE21D9B815C1944C00DD71A8 /* Release */,
			);
			defaultConfigurationIsVisible = 0;
			defaultConfigurationName = Release;
		};
		CE21D9B915C1944C00DD71A8 /* Build configuration list for PBXNativeTarget "luna" */ = {
			isa = XCConfigurationList;
			buildConfigurations = (
				CE21D9BA15C1944C00DD71A8 /* Debug */,
				CE21D9BB15C1944C00DD71A8 /* Release */,
			);
			defaultConfigurationIsVisible = 0;
		};
/* End XCConfigurationList section */
	};
	rootObject = CE21D9A615C1944C00DD71A8 /* Project object */;
}
