<?xml version="1.0" encoding="utf-8"?>
<Project ToolsVersion="4.0" xmlns="http://schemas.microsoft.com/developer/msbuild/2003">
  <ItemGroup>
    <Filter Include="src">
      <UniqueIdentifier>{145ccac6-77bb-4b08-97f9-8ec1b8479bd6}</UniqueIdentifier>
    </Filter>
    <Filter Include="src\io">
      <UniqueIdentifier>{9e5a79b3-5633-4234-a185-789cf9d3b263}</UniqueIdentifier>
    </Filter>
    <Filter Include="src\types">
      <UniqueIdentifier>{48edc879-9633-4614-bf68-151c65994675}</UniqueIdentifier>
    </Filter>
  </ItemGroup>
  <ItemGroup>
    <ClInclude Include="..\src\Error.h">
      <Filter>src</Filter>
    </ClInclude>
    <ClInclude Include="..\src\Statement.h">
      <Filter>src</Filter>
    </ClInclude>
    <ClInclude Include="..\src\Expression.h">
      <Filter>src</Filter>
    </ClInclude>
    <ClInclude Include="..\src\Lexer.h">
      <Filter>src</Filter>
    </ClInclude>
    <ClInclude Include="..\src\LexTable.h">
      <Filter>src</Filter>
    </ClInclude>
    <ClInclude Include="..\src\Parser.h">
      <Filter>src</Filter>
    </ClInclude>
    <ClInclude Include="..\src\ParseTreeNode.h">
      <Filter>src</Filter>
    </ClInclude>
    <ClInclude Include="..\src\Source.h">
      <Filter>src</Filter>
    </ClInclude>
    <ClInclude Include="..\src\io\ICacheStream.h">
      <Filter>src\io</Filter>
    </ClInclude>
    <ClInclude Include="..\src\io\ICRLFFilterStream.h">
      <Filter>src\io</Filter>
    </ClInclude>
    <ClInclude Include="..\src\io\IFileStream.h">
      <Filter>src\io</Filter>
    </ClInclude>
    <ClInclude Include="..\src\io\IStream.h">
      <Filter>src\io</Filter>
    </ClInclude>
    <ClInclude Include="..\src\io\ITextStream.h">
      <Filter>src\io</Filter>
    </ClInclude>
    <ClInclude Include="..\src\types\Bool.h">
      <Filter>src\types</Filter>
    </ClInclude>
    <ClInclude Include="..\src\types\Nil.h">
      <Filter>src\types</Filter>
    </ClInclude>
    <ClInclude Include="..\src\types\Number.h">
      <Filter>src\types</Filter>
    </ClInclude>
    <ClInclude Include="..\src\types\String.h">
      <Filter>src\types</Filter>
    </ClInclude>
    <ClInclude Include="..\src\types\Table.h">
      <Filter>src\types</Filter>
    </ClInclude>
    <ClInclude Include="..\src\types\Function.h">
      <Filter>src\types</Filter>
    </ClInclude>
    <ClInclude Include="..\src\types\Value.h">
      <Filter>src\types</Filter>
    </ClInclude>
    <ClInclude Include="..\src\State.h">
      <Filter>src</Filter>
    </ClInclude>
    <ClInclude Include="..\src\Instruction.h">
      <Filter>src</Filter>
    </ClInclude>
    <ClInclude Include="..\src\DataPool.h">
      <Filter>src</Filter>
    </ClInclude>
    <ClInclude Include="..\src\ModuleLoader.h">
      <Filter>src</Filter>
    </ClInclude>
    <ClInclude Include="..\src\CodeWriter.h">
      <Filter>src</Filter>
    </ClInclude>
    <ClInclude Include="..\src\VirtualMachine.h">
      <Filter>src</Filter>
    </ClInclude>
    <ClInclude Include="..\src\Stack.h">
      <Filter>src</Filter>
    </ClInclude>
    <ClInclude Include="..\src\types\NativeFunction.h">
      <Filter>src\types</Filter>
    </ClInclude>
    <ClInclude Include="..\src\NativeFunctionRegister.h">
      <Filter>src</Filter>
    </ClInclude>
    <ClInclude Include="..\src\NativeFunctionStackOperator.h">
      <Filter>src</Filter>
    </ClInclude>
    <ClInclude Include="..\src\BuildinFunctions.h">
      <Filter>src</Filter>
    </ClInclude>
    <ClInclude Include="..\src\NameSet.h">
      <Filter>src</Filter>
    </ClInclude>
    <ClInclude Include="..\src\Bootstrap.h">
      <Filter>src</Filter>
    </ClInclude>
    <ClInclude Include="..\src\types\Closure.h">
      <Filter>src\types</Filter>
    </ClInclude>
    <ClInclude Include="..\src\GarbageCollector.h">
      <Filter>src</Filter>
    </ClInclude>
  </ItemGroup>
  <ItemGroup>
    <ClCompile Include="..\src\Error.cpp">
      <Filter>src</Filter>
    </ClCompile>
    <ClCompile Include="..\src\Statement.cpp">
      <Filter>src</Filter>
    </ClCompile>
    <ClCompile Include="..\src\Expression.cpp">
      <Filter>src</Filter>
    </ClCompile>
    <ClCompile Include="..\src\Lexer.cpp">
      <Filter>src</Filter>
    </ClCompile>
    <ClCompile Include="..\src\LexTable.cpp">
      <Filter>src</Filter>
    </ClCompile>
    <ClCompile Include="..\src\Lua.cpp">
      <Filter>src</Filter>
    </ClCompile>
    <ClCompile Include="..\src\Parser.cpp">
      <Filter>src</Filter>
    </ClCompile>
    <ClCompile Include="..\src\Source.cpp">
      <Filter>src</Filter>
    </ClCompile>
    <ClCompile Include="..\src\io\ICacheStream.cpp">
      <Filter>src\io</Filter>
    </ClCompile>
    <ClCompile Include="..\src\io\ICRLFFilterStream.cpp">
      <Filter>src\io</Filter>
    </ClCompile>
    <ClCompile Include="..\src\io\IFileStream.cpp">
      <Filter>src\io</Filter>
    </ClCompile>
    <ClCompile Include="..\src\io\ITextStream.cpp">
      <Filter>src\io</Filter>
    </ClCompile>
    <ClCompile Include="..\src\types\Table.cpp">
      <Filter>src\types</Filter>
    </ClCompile>
    <ClCompile Include="..\src\ModuleLoader.cpp">
      <Filter>src</Filter>
    </ClCompile>
    <ClCompile Include="..\src\State.cpp">
      <Filter>src</Filter>
    </ClCompile>
    <ClCompile Include="..\src\DataPool.cpp">
      <Filter>src</Filter>
    </ClCompile>
    <ClCompile Include="..\src\types\Function.cpp">
      <Filter>src\types</Filter>
    </ClCompile>
    <ClCompile Include="..\src\types\String.cpp">
      <Filter>src\types</Filter>
    </ClCompile>
    <ClCompile Include="..\src\types\Number.cpp">
      <Filter>src\types</Filter>
    </ClCompile>
    <ClCompile Include="..\src\VirtualMachine.cpp">
      <Filter>src</Filter>
    </ClCompile>
    <ClCompile Include="..\src\Stack.cpp">
      <Filter>src</Filter>
    </ClCompile>
    <ClCompile Include="..\src\types\NativeFunction.cpp">
      <Filter>src\types</Filter>
    </ClCompile>
    <ClCompile Include="..\src\NativeFunctionRegister.cpp">
      <Filter>src</Filter>
    </ClCompile>
    <ClCompile Include="..\src\NativeFunctionStackOperator.cpp">
      <Filter>src</Filter>
    </ClCompile>
    <ClCompile Include="..\src\BuildinFunctions.cpp">
      <Filter>src</Filter>
    </ClCompile>
    <ClCompile Include="..\src\Bootstrap.cpp">
      <Filter>src</Filter>
    </ClCompile>
    <ClCompile Include="..\src\types\Closure.cpp">
      <Filter>src\types</Filter>
    </ClCompile>
    <ClCompile Include="..\src\GarbageCollector.cpp">
      <Filter>src</Filter>
    </ClCompile>
  </ItemGroup>
</Project>