// !$*UTF8*$!
{
	archiveVersion = 1;
	classes = {
	};
	objectVersion = 46;
	objects = {

/* Begin PBXBuildFile section */
		CE08845016889B1400E05968 /* UnitTest.cpp in Sources */ = {isa = PBXBuildFile; fileRef = CE0884351688981400E05968 /* UnitTest.cpp */; };
		CE1302D316BC2E0400DC6A08 /* LunaC.cpp in Sources */ = {isa = PBXBuildFile; fileRef = CE1302D216BC2E0400DC6A08 /* LunaC.cpp */; };
		CE1DC67F168A0595004EAEBC /* TestLex.cpp in Sources */ = {isa = PBXBuildFile; fileRef = CE1DC67D168A0595004EAEBC /* TestLex.cpp */; };
		CE1DC682168A099F004EAEBC /* libluna.a in Frameworks */ = {isa = PBXBuildFile; fileRef = CE8F1AF916875AE6001FBAA6 /* libluna.a */; settings = {ATTRIBUTES = (Required, ); }; };
		CE1E694A16941F940060DE44 /* Token.h in Headers */ = {isa = PBXBuildFile; fileRef = CE1E694916941F940060DE44 /* Token.h */; };
		CE58112516C69B09008F6566 /* TestTable.cpp in Sources */ = {isa = PBXBuildFile; fileRef = CE58112316C69B09008F6566 /* TestTable.cpp */; };
		CE597F2E169DBF3B00407019 /* GCObject.h in Headers */ = {isa = PBXBuildFile; fileRef = CE597F2D169DBF3B00407019 /* GCObject.h */; };
		CE597F31169DBFB000407019 /* GCObject.cpp in Sources */ = {isa = PBXBuildFile; fileRef = CE597F30169DBFB000407019 /* GCObject.cpp */; };
		CE597F33169DC07E00407019 /* Table.h in Headers */ = {isa = PBXBuildFile; fileRef = CE597F32169DC07E00407019 /* Table.h */; };
		CE597F35169DC0F700407019 /* Function.h in Headers */ = {isa = PBXBuildFile; fileRef = CE597F34169DC0F700407019 /* Function.h */; };
		CE597F37169DC25F00407019 /* StringPool.h in Headers */ = {isa = PBXBuildFile; fileRef = CE597F36169DC25F00407019 /* StringPool.h */; };
		CE597F39169DC30700407019 /* StringPool.cpp in Sources */ = {isa = PBXBuildFile; fileRef = CE597F38169DC30700407019 /* StringPool.cpp */; };
		CE75E31716D6769B00A008A8 /* Runtime.h in Headers */ = {isa = PBXBuildFile; fileRef = CE75E31616D6769B00A008A8 /* Runtime.h */; };
		CE75E31916D676EA00A008A8 /* Runtime.cpp in Sources */ = {isa = PBXBuildFile; fileRef = CE75E31816D676EA00A008A8 /* Runtime.cpp */; };
		CE8F1AFF168760EA001FBAA6 /* Lex.cpp in Sources */ = {isa = PBXBuildFile; fileRef = CE2EA6FB16763D9A00E59BBC /* Lex.cpp */; };
		CE8F1B00168760EA001FBAA6 /* State.cpp in Sources */ = {isa = PBXBuildFile; fileRef = CE1953941683648900504CCD /* State.cpp */; };
		CE8F1B01168760EA001FBAA6 /* TextInStream.cpp in Sources */ = {isa = PBXBuildFile; fileRef = CE2EA6F716763B2700E59BBC /* TextInStream.cpp */; };
		CEA5E6B216BEB52900B81DA1 /* Value.h in Headers */ = {isa = PBXBuildFile; fileRef = CEA5E6B116BEB52900B81DA1 /* Value.h */; };
		CEA5E6B416BEB7C900B81DA1 /* Table.cpp in Sources */ = {isa = PBXBuildFile; fileRef = CEA5E6B316BEB7C900B81DA1 /* Table.cpp */; };
		CEB6C99216A432AC007E72D9 /* Token.cpp in Sources */ = {isa = PBXBuildFile; fileRef = CEB6C99116A432AC007E72D9 /* Token.cpp */; };
		CEC60A25169011B700E15ADE /* Parser.h in Headers */ = {isa = PBXBuildFile; fileRef = CEC60A24169011B700E15ADE /* Parser.h */; };
		CEC60A281690121500E15ADE /* Parser.cpp in Sources */ = {isa = PBXBuildFile; fileRef = CEC60A271690121500E15ADE /* Parser.cpp */; };
		CEC60A2B1690429C00E15ADE /* TestParser.cpp in Sources */ = {isa = PBXBuildFile; fileRef = CEC60A291690429C00E15ADE /* TestParser.cpp */; };
		CEC60A2E1690792A00E15ADE /* SyntaxTree.cpp in Sources */ = {isa = PBXBuildFile; fileRef = CEC60A2C1690792A00E15ADE /* SyntaxTree.cpp */; };
		CEC60A2F1690792A00E15ADE /* SyntaxTree.h in Headers */ = {isa = PBXBuildFile; fileRef = CEC60A2D1690792A00E15ADE /* SyntaxTree.h */; };
		CEC60A3116907B8700E15ADE /* Visitor.h in Headers */ = {isa = PBXBuildFile; fileRef = CEC60A3016907B8700E15ADE /* Visitor.h */; };
		CEDBE61316C8D9D1005FDB2A /* OpCode.h in Headers */ = {isa = PBXBuildFile; fileRef = CEDBE61216C8D9D1005FDB2A /* OpCode.h */; };
		CEDBE61516C8DF73005FDB2A /* Function.cpp in Sources */ = {isa = PBXBuildFile; fileRef = CEDBE61416C8DF73005FDB2A /* Function.cpp */; };
		CEDBE61716C8F133005FDB2A /* Visitor.cpp in Sources */ = {isa = PBXBuildFile; fileRef = CEDBE61616C8F133005FDB2A /* Visitor.cpp */; };
		CEE7D93516BC246A0049BDAE /* libluna.a in Frameworks */ = {isa = PBXBuildFile; fileRef = CE8F1AF916875AE6001FBAA6 /* libluna.a */; };
		CEE7D93716BC25D70049BDAE /* ModuleManager.cpp in Sources */ = {isa = PBXBuildFile; fileRef = CEE7D93616BC25D70049BDAE /* ModuleManager.cpp */; };
/* End PBXBuildFile section */

/* Begin PBXContainerItemProxy section */
		CE1DC680168A0602004EAEBC /* PBXContainerItemProxy */ = {
			isa = PBXContainerItemProxy;
			containerPortal = CE2EA6EF16763B0500E59BBC /* Project object */;
			proxyType = 1;
			remoteGlobalIDString = CE8F1AF816875AE6001FBAA6;
			remoteInfo = luna;
		};
		CEE7D93316BC24520049BDAE /* PBXContainerItemProxy */ = {
			isa = PBXContainerItemProxy;
			containerPortal = CE2EA6EF16763B0500E59BBC /* Project object */;
			proxyType = 1;
			remoteGlobalIDString = CE8F1AF816875AE6001FBAA6;
			remoteInfo = luna;
		};
/* End PBXContainerItemProxy section */

/* Begin PBXCopyFilesBuildPhase section */
		CE08844416889AA400E05968 /* CopyFiles */ = {
			isa = PBXCopyFilesBuildPhase;
			buildActionMask = 2147483647;
			dstPath = /usr/share/man/man1/;
			dstSubfolderSpec = 0;
			files = (
			);
			runOnlyForDeploymentPostprocessing = 1;
		};
		CEE7D92516BC23D00049BDAE /* CopyFiles */ = {
			isa = PBXCopyFilesBuildPhase;
			buildActionMask = 2147483647;
			dstPath = /usr/share/man/man1/;
			dstSubfolderSpec = 0;
			files = (
			);
			runOnlyForDeploymentPostprocessing = 1;
		};
/* End PBXCopyFilesBuildPhase section */

/* Begin PBXFileReference section */
		CE0884341688845E00E05968 /* UnitTest.h */ = {isa = PBXFileReference; lastKnownFileType = sourcecode.c.h; name = UnitTest.h; path = ../test/UnitTest.h; sourceTree = "<group>"; };
		CE0884351688981400E05968 /* UnitTest.cpp */ = {isa = PBXFileReference; lastKnownFileType = sourcecode.cpp.cpp; name = UnitTest.cpp; path = ../test/UnitTest.cpp; sourceTree = "<group>"; };
		CE08844616889AA400E05968 /* unittest */ = {isa = PBXFileReference; explicitFileType = "compiled.mach-o.executable"; includeInIndex = 0; path = unittest; sourceTree = BUILT_PRODUCTS_DIR; };
		CE1302D216BC2E0400DC6A08 /* LunaC.cpp */ = {isa = PBXFileReference; fileEncoding = 4; lastKnownFileType = sourcecode.cpp.cpp; name = LunaC.cpp; path = ../src/LunaC.cpp; sourceTree = "<group>"; };
		CE19539216835C0400504CCD /* String.h */ = {isa = PBXFileReference; lastKnownFileType = sourcecode.c.h; name = String.h; path = ../src/String.h; sourceTree = "<group>"; };
		CE1953941683648900504CCD /* State.cpp */ = {isa = PBXFileReference; lastKnownFileType = sourcecode.cpp.cpp; name = State.cpp; path = ../src/State.cpp; sourceTree = "<group>"; };
		CE19539516836BC100504CCD /* ModuleManager.h */ = {isa = PBXFileReference; lastKnownFileType = sourcecode.c.h; name = ModuleManager.h; path = ../src/ModuleManager.h; sourceTree = "<group>"; };
		CE1DC67D168A0595004EAEBC /* TestLex.cpp */ = {isa = PBXFileReference; fileEncoding = 4; lastKnownFileType = sourcecode.cpp.cpp; name = TestLex.cpp; path = ../test/TestLex.cpp; sourceTree = "<group>"; };
		CE1E694916941F940060DE44 /* Token.h */ = {isa = PBXFileReference; fileEncoding = 4; lastKnownFileType = sourcecode.c.h; name = Token.h; path = ../src/Token.h; sourceTree = "<group>"; };
		CE2EA6F616763B2700E59BBC /* Lex.h */ = {isa = PBXFileReference; lastKnownFileType = sourcecode.c.h; name = Lex.h; path = ../src/Lex.h; sourceTree = "<group>"; };
		CE2EA6F716763B2700E59BBC /* TextInStream.cpp */ = {isa = PBXFileReference; lastKnownFileType = sourcecode.cpp.cpp; name = TextInStream.cpp; path = ../src/TextInStream.cpp; sourceTree = "<group>"; };
		CE2EA6F816763B2700E59BBC /* TextInStream.h */ = {isa = PBXFileReference; lastKnownFileType = sourcecode.c.h; name = TextInStream.h; path = ../src/TextInStream.h; sourceTree = "<group>"; };
		CE2EA6FB16763D9A00E59BBC /* Lex.cpp */ = {isa = PBXFileReference; lastKnownFileType = sourcecode.cpp.cpp; name = Lex.cpp; path = ../src/Lex.cpp; sourceTree = "<group>"; };
		CE36379A167C5B97009E2D95 /* Exception.h */ = {isa = PBXFileReference; lastKnownFileType = sourcecode.c.h; name = Exception.h; path = ../src/Exception.h; sourceTree = "<group>"; };
		CE36379C167C6345009E2D95 /* State.h */ = {isa = PBXFileReference; lastKnownFileType = sourcecode.c.h; name = State.h; path = ../src/State.h; sourceTree = "<group>"; };
		CE58112316C69B09008F6566 /* TestTable.cpp */ = {isa = PBXFileReference; fileEncoding = 4; lastKnownFileType = sourcecode.cpp.cpp; name = TestTable.cpp; path = ../test/TestTable.cpp; sourceTree = "<group>"; };
		CE597F2D169DBF3B00407019 /* GCObject.h */ = {isa = PBXFileReference; fileEncoding = 4; lastKnownFileType = sourcecode.c.h; name = GCObject.h; path = ../src/GCObject.h; sourceTree = "<group>"; };
		CE597F30169DBFB000407019 /* GCObject.cpp */ = {isa = PBXFileReference; fileEncoding = 4; lastKnownFileType = sourcecode.cpp.cpp; name = GCObject.cpp; path = ../src/GCObject.cpp; sourceTree = "<group>"; };
		CE597F32169DC07E00407019 /* Table.h */ = {isa = PBXFileReference; fileEncoding = 4; lastKnownFileType = sourcecode.c.h; name = Table.h; path = ../src/Table.h; sourceTree = "<group>"; };
		CE597F34169DC0F700407019 /* Function.h */ = {isa = PBXFileReference; fileEncoding = 4; lastKnownFileType = sourcecode.c.h; name = Function.h; path = ../src/Function.h; sourceTree = "<group>"; };
		CE597F36169DC25F00407019 /* StringPool.h */ = {isa = PBXFileReference; fileEncoding = 4; lastKnownFileType = sourcecode.c.h; name = StringPool.h; path = ../src/StringPool.h; sourceTree = "<group>"; };
		CE597F38169DC30700407019 /* StringPool.cpp */ = {isa = PBXFileReference; fileEncoding = 4; lastKnownFileType = sourcecode.cpp.cpp; name = StringPool.cpp; path = ../src/StringPool.cpp; sourceTree = "<group>"; };
		CE75E31616D6769B00A008A8 /* Runtime.h */ = {isa = PBXFileReference; fileEncoding = 4; lastKnownFileType = sourcecode.c.h; name = Runtime.h; path = ../src/Runtime.h; sourceTree = "<group>"; };
		CE75E31816D676EA00A008A8 /* Runtime.cpp */ = {isa = PBXFileReference; fileEncoding = 4; lastKnownFileType = sourcecode.cpp.cpp; name = Runtime.cpp; path = ../src/Runtime.cpp; sourceTree = "<group>"; };
		CE8F1AF916875AE6001FBAA6 /* libluna.a */ = {isa = PBXFileReference; explicitFileType = archive.ar; includeInIndex = 0; path = libluna.a; sourceTree = BUILT_PRODUCTS_DIR; };
		CEA5E6B116BEB52900B81DA1 /* Value.h */ = {isa = PBXFileReference; fileEncoding = 4; lastKnownFileType = sourcecode.c.h; name = Value.h; path = ../src/Value.h; sourceTree = "<group>"; };
		CEA5E6B316BEB7C900B81DA1 /* Table.cpp */ = {isa = PBXFileReference; fileEncoding = 4; lastKnownFileType = sourcecode.cpp.cpp; name = Table.cpp; path = ../src/Table.cpp; sourceTree = "<group>"; };
		CEB6C99116A432AC007E72D9 /* Token.cpp */ = {isa = PBXFileReference; fileEncoding = 4; lastKnownFileType = sourcecode.cpp.cpp; name = Token.cpp; path = ../src/Token.cpp; sourceTree = "<group>"; };
		CEC60A24169011B700E15ADE /* Parser.h */ = {isa = PBXFileReference; fileEncoding = 4; lastKnownFileType = sourcecode.c.h; name = Parser.h; path = ../src/Parser.h; sourceTree = "<group>"; };
		CEC60A271690121500E15ADE /* Parser.cpp */ = {isa = PBXFileReference; fileEncoding = 4; lastKnownFileType = sourcecode.cpp.cpp; name = Parser.cpp; path = ../src/Parser.cpp; sourceTree = "<group>"; };
		CEC60A291690429C00E15ADE /* TestParser.cpp */ = {isa = PBXFileReference; fileEncoding = 4; lastKnownFileType = sourcecode.cpp.cpp; name = TestParser.cpp; path = ../test/TestParser.cpp; sourceTree = "<group>"; };
		CEC60A2C1690792A00E15ADE /* SyntaxTree.cpp */ = {isa = PBXFileReference; fileEncoding = 4; lastKnownFileType = sourcecode.cpp.cpp; name = SyntaxTree.cpp; path = ../src/SyntaxTree.cpp; sourceTree = "<group>"; };
		CEC60A2D1690792A00E15ADE /* SyntaxTree.h */ = {isa = PBXFileReference; fileEncoding = 4; lastKnownFileType = sourcecode.c.h; name = SyntaxTree.h; path = ../src/SyntaxTree.h; sourceTree = "<group>"; };
		CEC60A3016907B8700E15ADE /* Visitor.h */ = {isa = PBXFileReference; fileEncoding = 4; lastKnownFileType = sourcecode.c.h; name = Visitor.h; path = ../src/Visitor.h; sourceTree = "<group>"; };
		CEDBE61216C8D9D1005FDB2A /* OpCode.h */ = {isa = PBXFileReference; fileEncoding = 4; lastKnownFileType = sourcecode.c.h; name = OpCode.h; path = ../src/OpCode.h; sourceTree = "<group>"; };
		CEDBE61416C8DF73005FDB2A /* Function.cpp */ = {isa = PBXFileReference; fileEncoding = 4; lastKnownFileType = sourcecode.cpp.cpp; name = Function.cpp; path = ../src/Function.cpp; sourceTree = "<group>"; };
		CEDBE61616C8F133005FDB2A /* Visitor.cpp */ = {isa = PBXFileReference; fileEncoding = 4; lastKnownFileType = sourcecode.cpp.cpp; name = Visitor.cpp; path = ../src/Visitor.cpp; sourceTree = "<group>"; };
		CEE7D92716BC23D00049BDAE /* lunac */ = {isa = PBXFileReference; explicitFileType = "compiled.mach-o.executable"; includeInIndex = 0; path = lunac; sourceTree = BUILT_PRODUCTS_DIR; };
		CEE7D93616BC25D70049BDAE /* ModuleManager.cpp */ = {isa = PBXFileReference; fileEncoding = 4; lastKnownFileType = sourcecode.cpp.cpp; name = ModuleManager.cpp; path = ../src/ModuleManager.cpp; sourceTree = "<group>"; };
/* End PBXFileReference section */

/* Begin PBXFrameworksBuildPhase section */
		CE08844316889AA400E05968 /* Frameworks */ = {
			isa = PBXFrameworksBuildPhase;
			buildActionMask = 2147483647;
			files = (
				CE1DC682168A099F004EAEBC /* libluna.a in Frameworks */,
			);
			runOnlyForDeploymentPostprocessing = 0;
		};
		CE8F1AF616875AE6001FBAA6 /* Frameworks */ = {
			isa = PBXFrameworksBuildPhase;
			buildActionMask = 2147483647;
			files = (
			);
			runOnlyForDeploymentPostprocessing = 0;
		};
		CEE7D92416BC23D00049BDAE /* Frameworks */ = {
			isa = PBXFrameworksBuildPhase;
			buildActionMask = 2147483647;
			files = (
				CEE7D93516BC246A0049BDAE /* libluna.a in Frameworks */,
			);
			runOnlyForDeploymentPostprocessing = 0;
		};
/* End PBXFrameworksBuildPhase section */

/* Begin PBXGroup section */
		CE0884321688834E00E05968 /* src */ = {
			isa = PBXGroup;
			children = (
				CE36379A167C5B97009E2D95 /* Exception.h */,
				CEDBE61416C8DF73005FDB2A /* Function.cpp */,
				CE597F34169DC0F700407019 /* Function.h */,
				CE597F30169DBFB000407019 /* GCObject.cpp */,
				CE597F2D169DBF3B00407019 /* GCObject.h */,
				CE2EA6FB16763D9A00E59BBC /* Lex.cpp */,
				CE2EA6F616763B2700E59BBC /* Lex.h */,
				CE1302D216BC2E0400DC6A08 /* LunaC.cpp */,
				CEE7D93616BC25D70049BDAE /* ModuleManager.cpp */,
				CE19539516836BC100504CCD /* ModuleManager.h */,
				CEDBE61216C8D9D1005FDB2A /* OpCode.h */,
				CEC60A271690121500E15ADE /* Parser.cpp */,
				CEC60A24169011B700E15ADE /* Parser.h */,
				CE75E31816D676EA00A008A8 /* Runtime.cpp */,
				CE75E31616D6769B00A008A8 /* Runtime.h */,
				CE1953941683648900504CCD /* State.cpp */,
				CE36379C167C6345009E2D95 /* State.h */,
				CE19539216835C0400504CCD /* String.h */,
				CE597F38169DC30700407019 /* StringPool.cpp */,
				CE597F36169DC25F00407019 /* StringPool.h */,
				CEC60A2C1690792A00E15ADE /* SyntaxTree.cpp */,
				CEC60A2D1690792A00E15ADE /* SyntaxTree.h */,
				CEA5E6B316BEB7C900B81DA1 /* Table.cpp */,
				CE597F32169DC07E00407019 /* Table.h */,
				CE2EA6F716763B2700E59BBC /* TextInStream.cpp */,
				CE2EA6F816763B2700E59BBC /* TextInStream.h */,
				CEB6C99116A432AC007E72D9 /* Token.cpp */,
				CE1E694916941F940060DE44 /* Token.h */,
				CEA5E6B116BEB52900B81DA1 /* Value.h */,
				CEDBE61616C8F133005FDB2A /* Visitor.cpp */,
				CEC60A3016907B8700E15ADE /* Visitor.h */,
			);
			name = src;
			sourceTree = "<group>";
		};
		CE088433168883A200E05968 /* test */ = {
			isa = PBXGroup;
			children = (
				CE0884341688845E00E05968 /* UnitTest.h */,
				CE0884351688981400E05968 /* UnitTest.cpp */,
				CE1DC67D168A0595004EAEBC /* TestLex.cpp */,
				CEC60A291690429C00E15ADE /* TestParser.cpp */,
				CE58112316C69B09008F6566 /* TestTable.cpp */,
			);
			name = test;
			sourceTree = "<group>";
		};
		CE2EA6ED16763B0500E59BBC = {
			isa = PBXGroup;
			children = (
				CE088433168883A200E05968 /* test */,
				CE0884321688834E00E05968 /* src */,
				CE8F1AFA16875AE6001FBAA6 /* Products */,
			);
			sourceTree = "<group>";
		};
		CE8F1AFA16875AE6001FBAA6 /* Products */ = {
			isa = PBXGroup;
			children = (
				CE8F1AF916875AE6001FBAA6 /* libluna.a */,
				CE08844616889AA400E05968 /* unittest */,
				CEE7D92716BC23D00049BDAE /* lunac */,
			);
			name = Products;
			sourceTree = "<group>";
		};
/* End PBXGroup section */

/* Begin PBXHeadersBuildPhase section */
		CE8F1AF716875AE6001FBAA6 /* Headers */ = {
			isa = PBXHeadersBuildPhase;
			buildActionMask = 2147483647;
			files = (
				CEC60A25169011B700E15ADE /* Parser.h in Headers */,
				CEC60A2F1690792A00E15ADE /* SyntaxTree.h in Headers */,
				CEC60A3116907B8700E15ADE /* Visitor.h in Headers */,
				CE1E694A16941F940060DE44 /* Token.h in Headers */,
				CE597F2E169DBF3B00407019 /* GCObject.h in Headers */,
				CE597F33169DC07E00407019 /* Table.h in Headers */,
				CE597F35169DC0F700407019 /* Function.h in Headers */,
				CE597F37169DC25F00407019 /* StringPool.h in Headers */,
				CEA5E6B216BEB52900B81DA1 /* Value.h in Headers */,
				CEDBE61316C8D9D1005FDB2A /* OpCode.h in Headers */,
				CE75E31716D6769B00A008A8 /* Runtime.h in Headers */,
			);
			runOnlyForDeploymentPostprocessing = 0;
		};
/* End PBXHeadersBuildPhase section */

/* Begin PBXNativeTarget section */
		CE08844516889AA400E05968 /* unittest */ = {
			isa = PBXNativeTarget;
			buildConfigurationList = CE08844D16889AA400E05968 /* Build configuration list for PBXNativeTarget "unittest" */;
			buildPhases = (
				CE08844216889AA400E05968 /* Sources */,
				CE08844316889AA400E05968 /* Frameworks */,
				CE08844416889AA400E05968 /* CopyFiles */,
			);
			buildRules = (
			);
			dependencies = (
				CE1DC681168A0602004EAEBC /* PBXTargetDependency */,
			);
			name = unittest;
			productName = unittest;
			productReference = CE08844616889AA400E05968 /* unittest */;
			productType = "com.apple.product-type.tool";
		};
		CE8F1AF816875AE6001FBAA6 /* luna */ = {
			isa = PBXNativeTarget;
			buildConfigurationList = CE8F1AFD16875AE6001FBAA6 /* Build configuration list for PBXNativeTarget "luna" */;
			buildPhases = (
				CE8F1AF516875AE6001FBAA6 /* Sources */,
				CE8F1AF616875AE6001FBAA6 /* Frameworks */,
				CE8F1AF716875AE6001FBAA6 /* Headers */,
			);
			buildRules = (
			);
			dependencies = (
			);
			name = luna;
			productName = luna;
			productReference = CE8F1AF916875AE6001FBAA6 /* libluna.a */;
			productType = "com.apple.product-type.library.static";
		};
		CEE7D92616BC23D00049BDAE /* lunac */ = {
			isa = PBXNativeTarget;
			buildConfigurationList = CEE7D92F16BC23D10049BDAE /* Build configuration list for PBXNativeTarget "lunac" */;
			buildPhases = (
				CEE7D92316BC23D00049BDAE /* Sources */,
				CEE7D92416BC23D00049BDAE /* Frameworks */,
				CEE7D92516BC23D00049BDAE /* CopyFiles */,
			);
			buildRules = (
			);
			dependencies = (
				CEE7D93416BC24520049BDAE /* PBXTargetDependency */,
			);
			name = lunac;
			productName = lunac;
			productReference = CEE7D92716BC23D00049BDAE /* lunac */;
			productType = "com.apple.product-type.tool";
		};
/* End PBXNativeTarget section */

/* Begin PBXProject section */
		CE2EA6EF16763B0500E59BBC /* Project object */ = {
			isa = PBXProject;
			attributes = {
				LastUpgradeCheck = 0450;
			};
			buildConfigurationList = CE2EA6F216763B0500E59BBC /* Build configuration list for PBXProject "luna2" */;
			compatibilityVersion = "Xcode 3.2";
			developmentRegion = English;
			hasScannedForEncodings = 0;
			knownRegions = (
				en,
			);
			mainGroup = CE2EA6ED16763B0500E59BBC;
			productRefGroup = CE8F1AFA16875AE6001FBAA6 /* Products */;
			projectDirPath = "";
			projectRoot = "";
			targets = (
				CE8F1AF816875AE6001FBAA6 /* luna */,
				CE08844516889AA400E05968 /* unittest */,
				CEE7D92616BC23D00049BDAE /* lunac */,
			);
		};
/* End PBXProject section */

/* Begin PBXSourcesBuildPhase section */
		CE08844216889AA400E05968 /* Sources */ = {
			isa = PBXSourcesBuildPhase;
			buildActionMask = 2147483647;
			files = (
				CE08845016889B1400E05968 /* UnitTest.cpp in Sources */,
				CE1DC67F168A0595004EAEBC /* TestLex.cpp in Sources */,
				CEC60A2B1690429C00E15ADE /* TestParser.cpp in Sources */,
				CE58112516C69B09008F6566 /* TestTable.cpp in Sources */,
			);
			runOnlyForDeploymentPostprocessing = 0;
		};
		CE8F1AF516875AE6001FBAA6 /* Sources */ = {
			isa = PBXSourcesBuildPhase;
			buildActionMask = 2147483647;
			files = (
				CE8F1AFF168760EA001FBAA6 /* Lex.cpp in Sources */,
				CE8F1B00168760EA001FBAA6 /* State.cpp in Sources */,
				CE8F1B01168760EA001FBAA6 /* TextInStream.cpp in Sources */,
				CEC60A281690121500E15ADE /* Parser.cpp in Sources */,
				CEC60A2E1690792A00E15ADE /* SyntaxTree.cpp in Sources */,
				CE597F31169DBFB000407019 /* GCObject.cpp in Sources */,
				CE597F39169DC30700407019 /* StringPool.cpp in Sources */,
				CEB6C99216A432AC007E72D9 /* Token.cpp in Sources */,
				CEE7D93716BC25D70049BDAE /* ModuleManager.cpp in Sources */,
				CEA5E6B416BEB7C900B81DA1 /* Table.cpp in Sources */,
				CEDBE61516C8DF73005FDB2A /* Function.cpp in Sources */,
				CEDBE61716C8F133005FDB2A /* Visitor.cpp in Sources */,
				CE75E31916D676EA00A008A8 /* Runtime.cpp in Sources */,
			);
			runOnlyForDeploymentPostprocessing = 0;
		};
		CEE7D92316BC23D00049BDAE /* Sources */ = {
			isa = PBXSourcesBuildPhase;
			buildActionMask = 2147483647;
			files = (
				CE1302D316BC2E0400DC6A08 /* LunaC.cpp in Sources */,
			);
			runOnlyForDeploymentPostprocessing = 0;
		};
/* End PBXSourcesBuildPhase section */

/* Begin PBXTargetDependency section */
		CE1DC681168A0602004EAEBC /* PBXTargetDependency */ = {
			isa = PBXTargetDependency;
			target = CE8F1AF816875AE6001FBAA6 /* luna */;
			targetProxy = CE1DC680168A0602004EAEBC /* PBXContainerItemProxy */;
		};
		CEE7D93416BC24520049BDAE /* PBXTargetDependency */ = {
			isa = PBXTargetDependency;
			target = CE8F1AF816875AE6001FBAA6 /* luna */;
			targetProxy = CEE7D93316BC24520049BDAE /* PBXContainerItemProxy */;
		};
/* End PBXTargetDependency section */

/* Begin XCBuildConfiguration section */
		CE08844E16889AA400E05968 /* Debug */ = {
			isa = XCBuildConfiguration;
			buildSettings = {
				ALWAYS_SEARCH_USER_PATHS = NO;
				ARCHS = "$(ARCHS_STANDARD_64_BIT)";
				CLANG_CXX_LANGUAGE_STANDARD = "c++0x";
				CLANG_WARN_EMPTY_BODY = YES;
				CLANG_WARN__DUPLICATE_METHOD_MATCH = YES;
				COPY_PHASE_STRIP = NO;
				GCC_C_LANGUAGE_STANDARD = "compiler-default";
				GCC_DYNAMIC_NO_PIC = NO;
				GCC_ENABLE_OBJC_EXCEPTIONS = YES;
				GCC_OPTIMIZATION_LEVEL = 0;
				GCC_PREPROCESSOR_DEFINITIONS = (
					"DEBUG=1",
					"$(inherited)",
				);
				GCC_SYMBOLS_PRIVATE_EXTERN = NO;
				GCC_VERSION = com.apple.compilers.llvm.clang.1_0;
				GCC_WARN_64_TO_32_BIT_CONVERSION = YES;
				GCC_WARN_ABOUT_RETURN_TYPE = YES;
				GCC_WARN_UNINITIALIZED_AUTOS = YES;
				GCC_WARN_UNUSED_VARIABLE = YES;
				HEADER_SEARCH_PATHS = "";
				MACOSX_DEPLOYMENT_TARGET = 10.7;
				ONLY_ACTIVE_ARCH = YES;
				PRODUCT_NAME = "$(TARGET_NAME)";
				SDKROOT = macosx;
			};
			name = Debug;
		};
		CE08844F16889AA400E05968 /* Release */ = {
			isa = XCBuildConfiguration;
			buildSettings = {
				ALWAYS_SEARCH_USER_PATHS = NO;
				ARCHS = "$(ARCHS_STANDARD_64_BIT)";
				CLANG_CXX_LANGUAGE_STANDARD = "c++0x";
				CLANG_WARN_EMPTY_BODY = YES;
				CLANG_WARN__DUPLICATE_METHOD_MATCH = YES;
				COPY_PHASE_STRIP = YES;
				DEBUG_INFORMATION_FORMAT = "dwarf-with-dsym";
				GCC_C_LANGUAGE_STANDARD = "compiler-default";
				GCC_ENABLE_OBJC_EXCEPTIONS = YES;
				GCC_VERSION = com.apple.compilers.llvm.clang.1_0;
				GCC_WARN_64_TO_32_BIT_CONVERSION = YES;
				GCC_WARN_ABOUT_RETURN_TYPE = YES;
				GCC_WARN_UNINITIALIZED_AUTOS = YES;
				GCC_WARN_UNUSED_VARIABLE = YES;
				HEADER_SEARCH_PATHS = "";
				MACOSX_DEPLOYMENT_TARGET = 10.7;
				PRODUCT_NAME = "$(TARGET_NAME)";
				SDKROOT = macosx;
			};
			name = Release;
		};
		CE2EA6F416763B0500E59BBC /* Debug */ = {
			isa = XCBuildConfiguration;
			buildSettings = {
				CLANG_CXX_LANGUAGE_STANDARD = "c++0x";
				CLANG_CXX_LIBRARY = "libc++";
			};
			name = Debug;
		};
		CE2EA6F516763B0500E59BBC /* Release */ = {
			isa = XCBuildConfiguration;
			buildSettings = {
				CLANG_CXX_LANGUAGE_STANDARD = "c++0x";
				CLANG_CXX_LIBRARY = "libc++";
			};
			name = Release;
		};
		CE8F1AFB16875AE6001FBAA6 /* Debug */ = {
			isa = XCBuildConfiguration;
			buildSettings = {
				ALWAYS_SEARCH_USER_PATHS = NO;
				ARCHS = "$(ARCHS_STANDARD_64_BIT)";
				CLANG_CXX_LANGUAGE_STANDARD = "c++11";
				CLANG_CXX_LIBRARY = "libc++";
				CLANG_WARN_EMPTY_BODY = YES;
				CLANG_WARN__DUPLICATE_METHOD_MATCH = YES;
				COMBINE_HIDPI_IMAGES = YES;
				COPY_PHASE_STRIP = NO;
				EXECUTABLE_PREFIX = lib;
				GCC_C_LANGUAGE_STANDARD = "compiler-default";
				GCC_DYNAMIC_NO_PIC = NO;
				GCC_ENABLE_OBJC_EXCEPTIONS = YES;
				GCC_OPTIMIZATION_LEVEL = 0;
				GCC_PREPROCESSOR_DEFINITIONS = (
					"DEBUG=1",
					"$(inherited)",
				);
				GCC_SYMBOLS_PRIVATE_EXTERN = NO;
				GCC_WARN_64_TO_32_BIT_CONVERSION = NO;
				GCC_WARN_ABOUT_MISSING_NEWLINE = YES;
				GCC_WARN_ABOUT_RETURN_TYPE = YES;
				GCC_WARN_TYPECHECK_CALLS_TO_PRINTF = YES;
				GCC_WARN_UNINITIALIZED_AUTOS = YES;
				GCC_WARN_UNUSED_VARIABLE = YES;
				MACOSX_DEPLOYMENT_TARGET = 10.7;
				ONLY_ACTIVE_ARCH = YES;
				PRODUCT_NAME = "$(TARGET_NAME)";
				SDKROOT = macosx;
			};
			name = Debug;
		};
		CE8F1AFC16875AE6001FBAA6 /* Release */ = {
			isa = XCBuildConfiguration;
			buildSettings = {
				ALWAYS_SEARCH_USER_PATHS = NO;
				ARCHS = "$(ARCHS_STANDARD_64_BIT)";
				CLANG_CXX_LANGUAGE_STANDARD = "c++11";
				CLANG_CXX_LIBRARY = "libc++";
				CLANG_WARN_EMPTY_BODY = YES;
				CLANG_WARN__DUPLICATE_METHOD_MATCH = YES;
				COMBINE_HIDPI_IMAGES = YES;
				COPY_PHASE_STRIP = YES;
				DEBUG_INFORMATION_FORMAT = "dwarf-with-dsym";
				EXECUTABLE_PREFIX = lib;
				GCC_C_LANGUAGE_STANDARD = "compiler-default";
				GCC_ENABLE_OBJC_EXCEPTIONS = YES;
				GCC_WARN_64_TO_32_BIT_CONVERSION = NO;
				GCC_WARN_ABOUT_MISSING_NEWLINE = YES;
				GCC_WARN_ABOUT_RETURN_TYPE = YES;
				GCC_WARN_TYPECHECK_CALLS_TO_PRINTF = YES;
				GCC_WARN_UNINITIALIZED_AUTOS = YES;
				GCC_WARN_UNUSED_VARIABLE = YES;
				MACOSX_DEPLOYMENT_TARGET = 10.7;
				ONLY_ACTIVE_ARCH = YES;
				PRODUCT_NAME = "$(TARGET_NAME)";
				SDKROOT = macosx;
			};
			name = Release;
		};
		CEE7D92D16BC23D10049BDAE /* Debug */ = {
			isa = XCBuildConfiguration;
			buildSettings = {
				ALWAYS_SEARCH_USER_PATHS = NO;
				ARCHS = "$(ARCHS_STANDARD_64_BIT)";
				CLANG_CXX_LANGUAGE_STANDARD = "c++0x";
				CLANG_WARN_CONSTANT_CONVERSION = YES;
				CLANG_WARN_EMPTY_BODY = YES;
				CLANG_WARN_ENUM_CONVERSION = YES;
				CLANG_WARN_INT_CONVERSION = YES;
				CLANG_WARN__DUPLICATE_METHOD_MATCH = YES;
				COPY_PHASE_STRIP = NO;
				GCC_C_LANGUAGE_STANDARD = gnu99;
				GCC_DYNAMIC_NO_PIC = NO;
				GCC_ENABLE_OBJC_EXCEPTIONS = YES;
				GCC_OPTIMIZATION_LEVEL = 0;
				GCC_PREPROCESSOR_DEFINITIONS = (
					"DEBUG=1",
					"$(inherited)",
				);
				GCC_SYMBOLS_PRIVATE_EXTERN = NO;
				GCC_WARN_64_TO_32_BIT_CONVERSION = YES;
				GCC_WARN_ABOUT_RETURN_TYPE = YES;
				GCC_WARN_UNINITIALIZED_AUTOS = YES;
				GCC_WARN_UNUSED_VARIABLE = YES;
				MACOSX_DEPLOYMENT_TARGET = 10.7;
				ONLY_ACTIVE_ARCH = YES;
				PRODUCT_NAME = "$(TARGET_NAME)";
				SDKROOT = macosx;
			};
			name = Debug;
		};
		CEE7D92E16BC23D10049BDAE /* Release */ = {
			isa = XCBuildConfiguration;
			buildSettings = {
				ALWAYS_SEARCH_USER_PATHS = NO;
				ARCHS = "$(ARCHS_STANDARD_64_BIT)";
				CLANG_CXX_LANGUAGE_STANDARD = "c++0x";
				CLANG_WARN_CONSTANT_CONVERSION = YES;
				CLANG_WARN_EMPTY_BODY = YES;
				CLANG_WARN_ENUM_CONVERSION = YES;
				CLANG_WARN_INT_CONVERSION = YES;
				CLANG_WARN__DUPLICATE_METHOD_MATCH = YES;
				COPY_PHASE_STRIP = YES;
				DEBUG_INFORMATION_FORMAT = "dwarf-with-dsym";
				GCC_C_LANGUAGE_STANDARD = gnu99;
				GCC_ENABLE_OBJC_EXCEPTIONS = YES;
				GCC_WARN_64_TO_32_BIT_CONVERSION = YES;
				GCC_WARN_ABOUT_RETURN_TYPE = YES;
				GCC_WARN_UNINITIALIZED_AUTOS = YES;
				GCC_WARN_UNUSED_VARIABLE = YES;
				MACOSX_DEPLOYMENT_TARGET = 10.7;
				PRODUCT_NAME = "$(TARGET_NAME)";
				SDKROOT = macosx;
			};
			name = Release;
		};
/* End XCBuildConfiguration section */

/* Begin XCConfigurationList section */
		CE08844D16889AA400E05968 /* Build configuration list for PBXNativeTarget "unittest" */ = {
			isa = XCConfigurationList;
			buildConfigurations = (
				CE08844E16889AA400E05968 /* Debug */,
				CE08844F16889AA400E05968 /* Release */,
			);
			defaultConfigurationIsVisible = 0;
			defaultConfigurationName = Release;
		};
		CE2EA6F216763B0500E59BBC /* Build configuration list for PBXProject "luna2" */ = {
			isa = XCConfigurationList;
			buildConfigurations = (
				CE2EA6F416763B0500E59BBC /* Debug */,
				CE2EA6F516763B0500E59BBC /* Release */,
			);
			defaultConfigurationIsVisible = 0;
			defaultConfigurationName = Release;
		};
		CE8F1AFD16875AE6001FBAA6 /* Build configuration list for PBXNativeTarget "luna" */ = {
			isa = XCConfigurationList;
			buildConfigurations = (
				CE8F1AFB16875AE6001FBAA6 /* Debug */,
				CE8F1AFC16875AE6001FBAA6 /* Release */,
			);
			defaultConfigurationIsVisible = 0;
			defaultConfigurationName = Release;
		};
		CEE7D92F16BC23D10049BDAE /* Build configuration list for PBXNativeTarget "lunac" */ = {
			isa = XCConfigurationList;
			buildConfigurations = (
				CEE7D92D16BC23D10049BDAE /* Debug */,
				CEE7D92E16BC23D10049BDAE /* Release */,
			);
			defaultConfigurationIsVisible = 0;
			defaultConfigurationName = Release;
		};
/* End XCConfigurationList section */
	};
	rootObject = CE2EA6EF16763B0500E59BBC /* Project object */;
}
